
Microsoft Visual Studio Solution File, Format Version 12.00
# Visual Studio Version 17
VisualStudioVersion = 17.1.32228.430
MinimumVisualStudioVersion = 10.0.40219.1
Project("{2150E333-8FDC-42A3-9474-1A3956D46DE8}") = "4.0 Platforms", "4.0 Platforms", "{9268B7AF-FD32-4ED4-BBDB-21935688EE68}"
EndProject
Project("{2150E333-8FDC-42A3-9474-1A3956D46DE8}") = "3.0 UI", "3.0 UI", "{4A973BC3-688F-4CEC-9F01-0A0D3A177798}"
EndProject
Project("{2150E333-8FDC-42A3-9474-1A3956D46DE8}") = "1.0 Common", "1.0 Common", "{C6FCFFF7-460A-47F9-9AFA-1C0584266792}"
EndProject
Project("{9A19103F-16F7-4668-BE54-9A1E7A4F7556}") = "NeilvynSampleBlueprint.Mobile.Common", "NeilvynSampleBlueprint.Mobile.Common\NeilvynSampleBlueprint.Mobile.Common.csproj", "{05E8F2B6-6F76-4881-8016-533B14D6E5F9}"
EndProject
Project("{FAE04EC0-301F-11D3-BF4B-00C04F79EFBC}") = "NeilvynSampleBlueprint.Mobile.App.Android", "NeilvynSampleBlueprint.Mobile.App.Android\NeilvynSampleBlueprint.Mobile.App.Android.csproj", "{44B5325E-3C37-4943-9F32-E1FE9CE5C76B}"
EndProject
Project("{FAE04EC0-301F-11D3-BF4B-00C04F79EFBC}") = "NeilvynSampleBlueprint.Mobile.App.iOS", "NeilvynSampleBlueprint.Mobile.App.iOS\NeilvynSampleBlueprint.Mobile.App.iOS.csproj", "{CEF60000-7E69-404D-A488-7A5A993F6E56}"
EndProject
Project("{FAE04EC0-301F-11D3-BF4B-00C04F79EFBC}") = "NeilvynSampleBlueprint.Mobile.App.UWP", "NeilvynSampleBlueprint.Mobile.App.UWP\NeilvynSampleBlueprint.Mobile.App.UWP.csproj", "{1F2259A2-C51B-4123-8A90-5C078DED3806}"
EndProject
Project("{9A19103F-16F7-4668-BE54-9A1E7A4F7556}") = "NeilvynSampleBlueprint.Mobile.Xamarin.UI", "NeilvynSampleBlueprint.Mobile.Xamarin.UI\NeilvynSampleBlueprint.Mobile.Xamarin.UI.csproj", "{D3B80F3E-1FCC-4F80-9B31-63371AED2D4F}"
EndProject
Project("{D954291E-2A0B-460D-934E-DC6B0785DB48}") = "NeilvynSampleBlueprint.Mobile.Shared", "NeilvynSampleBlueprint.Mobile.Shared\NeilvynSampleBlueprint.Mobile.Shared.shproj", "{C329B718-827E-43EB-9A9C-557779A51220}"
EndProject
Project("{2150E333-8FDC-42A3-9474-1A3956D46DE8}") = "2.0 Business", "2.0 Business", "{BC417DD0-72A0-4439-BB39-0A484C44C2CD}"
EndProject
Project("{2150E333-8FDC-42A3-9474-1A3956D46DE8}") = "5.0 Tests", "5.0 Tests", "{A98D907E-211B-432E-AA75-15C2EE42F4FF}"
EndProject
Project("{9A19103F-16F7-4668-BE54-9A1E7A4F7556}") = "NeilvynSampleBlueprint.Mobile.Domain", "NeilvynSampleBlueprint.Mobile.Domain\NeilvynSampleBlueprint.Mobile.Domain.csproj", "{D7E8113B-42B2-444D-AA37-6D660EC991D2}"
EndProject
Project("{9A19103F-16F7-4668-BE54-9A1E7A4F7556}") = "NeilvynSampleBlueprint.Mobile.Models", "NeilvynSampleBlueprint.Mobile.Models\NeilvynSampleBlueprint.Mobile.Models.csproj", "{DD1ABD4D-AD41-4338-8869-137993208E09}"
EndProject
Project("{9A19103F-16F7-4668-BE54-9A1E7A4F7556}") = "NeilvynSampleBlueprint.Mobile.UnitTests", "NeilvynSampleBlueprint.Mobile.UnitTests\NeilvynSampleBlueprint.Mobile.UnitTests.csproj", "{2F767042-799E-4B5C-870B-5EABB2E2043F}"
EndProject
Project("{9A19103F-16F7-4668-BE54-9A1E7A4F7556}") = "NeilvynSampleBlueprint.Mobile.Xamarin.Domain", "NeilvynSampleBlueprint.Mobile.Xamarin.Domain\NeilvynSampleBlueprint.Mobile.Xamarin.Domain.csproj", "{1B827B8F-4FB5-4611-B592-BE1661E43018}"
EndProject
Project("{9A19103F-16F7-4668-BE54-9A1E7A4F7556}") = "NeilvynSampleBlueprint.Mobile.Xamarin.Services", "NeilvynSampleBlueprint.Mobile.Xamarin.Services\NeilvynSampleBlueprint.Mobile.Xamarin.Services.csproj", "{A97BD325-A429-49F3-9E51-497CC73522F3}"
EndProject
Project("{9A19103F-16F7-4668-BE54-9A1E7A4F7556}") = "NeilvynSampleBlueprint.Mobile.Xamarin.Common", "NeilvynSampleBlueprint.Mobile.Xamarin.Common\NeilvynSampleBlueprint.Mobile.Xamarin.Common.csproj", "{A4A252D4-1EDB-4A43-8F5E-54E0A10AF43E}"
EndProject
Global
	GlobalSection(SolutionConfigurationPlatforms) = preSolution
		Debug|Any CPU = Debug|Any CPU
		Debug|ARM = Debug|ARM
		Debug|iPhone = Debug|iPhone
		Debug|iPhoneSimulator = Debug|iPhoneSimulator
		Debug|x64 = Debug|x64
		Debug|x86 = Debug|x86
		Release|Any CPU = Release|Any CPU
		Release|ARM = Release|ARM
		Release|iPhone = Release|iPhone
		Release|iPhoneSimulator = Release|iPhoneSimulator
		Release|x64 = Release|x64
		Release|x86 = Release|x86
	EndGlobalSection
	GlobalSection(ProjectConfigurationPlatforms) = postSolution
		{05E8F2B6-6F76-4881-8016-533B14D6E5F9}.Debug|Any CPU.ActiveCfg = Debug|Any CPU
		{05E8F2B6-6F76-4881-8016-533B14D6E5F9}.Debug|Any CPU.Build.0 = Debug|Any CPU
		{05E8F2B6-6F76-4881-8016-533B14D6E5F9}.Debug|ARM.ActiveCfg = Debug|Any CPU
		{05E8F2B6-6F76-4881-8016-533B14D6E5F9}.Debug|ARM.Build.0 = Debug|Any CPU
		{05E8F2B6-6F76-4881-8016-533B14D6E5F9}.Debug|iPhone.ActiveCfg = Debug|Any CPU
		{05E8F2B6-6F76-4881-8016-533B14D6E5F9}.Debug|iPhone.Build.0 = Debug|Any CPU
		{05E8F2B6-6F76-4881-8016-533B14D6E5F9}.Debug|iPhoneSimulator.ActiveCfg = Debug|Any CPU
		{05E8F2B6-6F76-4881-8016-533B14D6E5F9}.Debug|iPhoneSimulator.Build.0 = Debug|Any CPU
		{05E8F2B6-6F76-4881-8016-533B14D6E5F9}.Debug|x64.ActiveCfg = Debug|Any CPU
		{05E8F2B6-6F76-4881-8016-533B14D6E5F9}.Debug|x64.Build.0 = Debug|Any CPU
		{05E8F2B6-6F76-4881-8016-533B14D6E5F9}.Debug|x86.ActiveCfg = Debug|Any CPU
		{05E8F2B6-6F76-4881-8016-533B14D6E5F9}.Debug|x86.Build.0 = Debug|Any CPU
		{05E8F2B6-6F76-4881-8016-533B14D6E5F9}.Release|Any CPU.ActiveCfg = Release|Any CPU
		{05E8F2B6-6F76-4881-8016-533B14D6E5F9}.Release|Any CPU.Build.0 = Release|Any CPU
		{05E8F2B6-6F76-4881-8016-533B14D6E5F9}.Release|ARM.ActiveCfg = Release|Any CPU
		{05E8F2B6-6F76-4881-8016-533B14D6E5F9}.Release|ARM.Build.0 = Release|Any CPU
		{05E8F2B6-6F76-4881-8016-533B14D6E5F9}.Release|iPhone.ActiveCfg = Release|Any CPU
		{05E8F2B6-6F76-4881-8016-533B14D6E5F9}.Release|iPhone.Build.0 = Release|Any CPU
		{05E8F2B6-6F76-4881-8016-533B14D6E5F9}.Release|iPhoneSimulator.ActiveCfg = Release|Any CPU
		{05E8F2B6-6F76-4881-8016-533B14D6E5F9}.Release|iPhoneSimulator.Build.0 = Release|Any CPU
		{05E8F2B6-6F76-4881-8016-533B14D6E5F9}.Release|x64.ActiveCfg = Release|Any CPU
		{05E8F2B6-6F76-4881-8016-533B14D6E5F9}.Release|x64.Build.0 = Release|Any CPU
		{05E8F2B6-6F76-4881-8016-533B14D6E5F9}.Release|x86.ActiveCfg = Release|Any CPU
		{05E8F2B6-6F76-4881-8016-533B14D6E5F9}.Release|x86.Build.0 = Release|Any CPU
		{44B5325E-3C37-4943-9F32-E1FE9CE5C76B}.Debug|Any CPU.ActiveCfg = Debug|Any CPU
		{44B5325E-3C37-4943-9F32-E1FE9CE5C76B}.Debug|Any CPU.Build.0 = Debug|Any CPU
		{44B5325E-3C37-4943-9F32-E1FE9CE5C76B}.Debug|Any CPU.Deploy.0 = Debug|Any CPU
		{44B5325E-3C37-4943-9F32-E1FE9CE5C76B}.Debug|ARM.ActiveCfg = Debug|Any CPU
		{44B5325E-3C37-4943-9F32-E1FE9CE5C76B}.Debug|iPhone.ActiveCfg = Debug|Any CPU
		{44B5325E-3C37-4943-9F32-E1FE9CE5C76B}.Debug|iPhoneSimulator.ActiveCfg = Debug|Any CPU
		{44B5325E-3C37-4943-9F32-E1FE9CE5C76B}.Debug|x64.ActiveCfg = Debug|Any CPU
		{44B5325E-3C37-4943-9F32-E1FE9CE5C76B}.Debug|x86.ActiveCfg = Debug|Any CPU
		{44B5325E-3C37-4943-9F32-E1FE9CE5C76B}.Release|Any CPU.ActiveCfg = Release|Any CPU
		{44B5325E-3C37-4943-9F32-E1FE9CE5C76B}.Release|Any CPU.Build.0 = Release|Any CPU
		{44B5325E-3C37-4943-9F32-E1FE9CE5C76B}.Release|Any CPU.Deploy.0 = Release|Any CPU
		{44B5325E-3C37-4943-9F32-E1FE9CE5C76B}.Release|ARM.ActiveCfg = Release|Any CPU
		{44B5325E-3C37-4943-9F32-E1FE9CE5C76B}.Release|iPhone.ActiveCfg = Release|Any CPU
		{44B5325E-3C37-4943-9F32-E1FE9CE5C76B}.Release|iPhoneSimulator.ActiveCfg = Release|Any CPU
		{44B5325E-3C37-4943-9F32-E1FE9CE5C76B}.Release|x64.ActiveCfg = Release|Any CPU
		{44B5325E-3C37-4943-9F32-E1FE9CE5C76B}.Release|x86.ActiveCfg = Release|Any CPU
		{CEF60000-7E69-404D-A488-7A5A993F6E56}.Debug|Any CPU.ActiveCfg = Debug|iPhoneSimulator
		{CEF60000-7E69-404D-A488-7A5A993F6E56}.Debug|ARM.ActiveCfg = Debug|iPhoneSimulator
		{CEF60000-7E69-404D-A488-7A5A993F6E56}.Debug|iPhone.ActiveCfg = Debug|iPhone
		{CEF60000-7E69-404D-A488-7A5A993F6E56}.Debug|iPhone.Build.0 = Debug|iPhone
		{CEF60000-7E69-404D-A488-7A5A993F6E56}.Debug|iPhoneSimulator.ActiveCfg = Debug|iPhoneSimulator
		{CEF60000-7E69-404D-A488-7A5A993F6E56}.Debug|iPhoneSimulator.Build.0 = Debug|iPhoneSimulator
		{CEF60000-7E69-404D-A488-7A5A993F6E56}.Debug|x64.ActiveCfg = Debug|iPhoneSimulator
		{CEF60000-7E69-404D-A488-7A5A993F6E56}.Debug|x86.ActiveCfg = Debug|iPhoneSimulator
		{CEF60000-7E69-404D-A488-7A5A993F6E56}.Release|Any CPU.ActiveCfg = Release|iPhoneSimulator
		{CEF60000-7E69-404D-A488-7A5A993F6E56}.Release|ARM.ActiveCfg = Release|iPhoneSimulator
		{CEF60000-7E69-404D-A488-7A5A993F6E56}.Release|iPhone.ActiveCfg = Release|iPhone
		{CEF60000-7E69-404D-A488-7A5A993F6E56}.Release|iPhone.Build.0 = Release|iPhone
		{CEF60000-7E69-404D-A488-7A5A993F6E56}.Release|iPhoneSimulator.ActiveCfg = Release|iPhoneSimulator
		{CEF60000-7E69-404D-A488-7A5A993F6E56}.Release|iPhoneSimulator.Build.0 = Release|iPhoneSimulator
		{CEF60000-7E69-404D-A488-7A5A993F6E56}.Release|x64.ActiveCfg = Release|iPhoneSimulator
		{CEF60000-7E69-404D-A488-7A5A993F6E56}.Release|x86.ActiveCfg = Release|iPhoneSimulator
		{1F2259A2-C51B-4123-8A90-5C078DED3806}.Debug|Any CPU.ActiveCfg = Debug|x86
		{1F2259A2-C51B-4123-8A90-5C078DED3806}.Debug|ARM.ActiveCfg = Debug|ARM
		{1F2259A2-C51B-4123-8A90-5C078DED3806}.Debug|ARM.Build.0 = Debug|ARM
		{1F2259A2-C51B-4123-8A90-5C078DED3806}.Debug|ARM.Deploy.0 = Debug|ARM
		{1F2259A2-C51B-4123-8A90-5C078DED3806}.Debug|iPhone.ActiveCfg = Debug|x86
		{1F2259A2-C51B-4123-8A90-5C078DED3806}.Debug|iPhoneSimulator.ActiveCfg = Debug|x86
		{1F2259A2-C51B-4123-8A90-5C078DED3806}.Debug|x64.ActiveCfg = Debug|x64
		{1F2259A2-C51B-4123-8A90-5C078DED3806}.Debug|x64.Build.0 = Debug|x64
		{1F2259A2-C51B-4123-8A90-5C078DED3806}.Debug|x64.Deploy.0 = Debug|x64
		{1F2259A2-C51B-4123-8A90-5C078DED3806}.Debug|x86.ActiveCfg = Debug|x86
		{1F2259A2-C51B-4123-8A90-5C078DED3806}.Debug|x86.Build.0 = Debug|x86
		{1F2259A2-C51B-4123-8A90-5C078DED3806}.Debug|x86.Deploy.0 = Debug|x86
		{1F2259A2-C51B-4123-8A90-5C078DED3806}.Release|Any CPU.ActiveCfg = Release|x86
		{1F2259A2-C51B-4123-8A90-5C078DED3806}.Release|ARM.ActiveCfg = Release|ARM
		{1F2259A2-C51B-4123-8A90-5C078DED3806}.Release|ARM.Build.0 = Release|ARM
		{1F2259A2-C51B-4123-8A90-5C078DED3806}.Release|ARM.Deploy.0 = Release|ARM
		{1F2259A2-C51B-4123-8A90-5C078DED3806}.Release|iPhone.ActiveCfg = Release|x86
		{1F2259A2-C51B-4123-8A90-5C078DED3806}.Release|iPhoneSimulator.ActiveCfg = Release|x86
		{1F2259A2-C51B-4123-8A90-5C078DED3806}.Release|x64.ActiveCfg = Release|x64
		{1F2259A2-C51B-4123-8A90-5C078DED3806}.Release|x64.Build.0 = Release|x64
		{1F2259A2-C51B-4123-8A90-5C078DED3806}.Release|x64.Deploy.0 = Release|x64
		{1F2259A2-C51B-4123-8A90-5C078DED3806}.Release|x86.ActiveCfg = Release|x86
		{1F2259A2-C51B-4123-8A90-5C078DED3806}.Release|x86.Build.0 = Release|x86
		{1F2259A2-C51B-4123-8A90-5C078DED3806}.Release|x86.Deploy.0 = Release|x86
		{D3B80F3E-1FCC-4F80-9B31-63371AED2D4F}.Debug|Any CPU.ActiveCfg = Debug|Any CPU
		{D3B80F3E-1FCC-4F80-9B31-63371AED2D4F}.Debug|Any CPU.Build.0 = Debug|Any CPU
		{D3B80F3E-1FCC-4F80-9B31-63371AED2D4F}.Debug|ARM.ActiveCfg = Debug|Any CPU
		{D3B80F3E-1FCC-4F80-9B31-63371AED2D4F}.Debug|ARM.Build.0 = Debug|Any CPU
		{D3B80F3E-1FCC-4F80-9B31-63371AED2D4F}.Debug|iPhone.ActiveCfg = Debug|Any CPU
		{D3B80F3E-1FCC-4F80-9B31-63371AED2D4F}.Debug|iPhone.Build.0 = Debug|Any CPU
		{D3B80F3E-1FCC-4F80-9B31-63371AED2D4F}.Debug|iPhoneSimulator.ActiveCfg = Debug|Any CPU
		{D3B80F3E-1FCC-4F80-9B31-63371AED2D4F}.Debug|iPhoneSimulator.Build.0 = Debug|Any CPU
		{D3B80F3E-1FCC-4F80-9B31-63371AED2D4F}.Debug|x64.ActiveCfg = Debug|Any CPU
		{D3B80F3E-1FCC-4F80-9B31-63371AED2D4F}.Debug|x64.Build.0 = Debug|Any CPU
		{D3B80F3E-1FCC-4F80-9B31-63371AED2D4F}.Debug|x86.ActiveCfg = Debug|Any CPU
		{D3B80F3E-1FCC-4F80-9B31-63371AED2D4F}.Debug|x86.Build.0 = Debug|Any CPU
		{D3B80F3E-1FCC-4F80-9B31-63371AED2D4F}.Release|Any CPU.ActiveCfg = Release|Any CPU
		{D3B80F3E-1FCC-4F80-9B31-63371AED2D4F}.Release|Any CPU.Build.0 = Release|Any CPU
		{D3B80F3E-1FCC-4F80-9B31-63371AED2D4F}.Release|ARM.ActiveCfg = Release|Any CPU
		{D3B80F3E-1FCC-4F80-9B31-63371AED2D4F}.Release|ARM.Build.0 = Release|Any CPU
		{D3B80F3E-1FCC-4F80-9B31-63371AED2D4F}.Release|iPhone.ActiveCfg = Release|Any CPU
		{D3B80F3E-1FCC-4F80-9B31-63371AED2D4F}.Release|iPhone.Build.0 = Release|Any CPU
		{D3B80F3E-1FCC-4F80-9B31-63371AED2D4F}.Release|iPhoneSimulator.ActiveCfg = Release|Any CPU
		{D3B80F3E-1FCC-4F80-9B31-63371AED2D4F}.Release|iPhoneSimulator.Build.0 = Release|Any CPU
		{D3B80F3E-1FCC-4F80-9B31-63371AED2D4F}.Release|x64.ActiveCfg = Release|Any CPU
		{D3B80F3E-1FCC-4F80-9B31-63371AED2D4F}.Release|x64.Build.0 = Release|Any CPU
		{D3B80F3E-1FCC-4F80-9B31-63371AED2D4F}.Release|x86.ActiveCfg = Release|Any CPU
		{D3B80F3E-1FCC-4F80-9B31-63371AED2D4F}.Release|x86.Build.0 = Release|Any CPU
		{D7E8113B-42B2-444D-AA37-6D660EC991D2}.Debug|Any CPU.ActiveCfg = Debug|Any CPU
		{D7E8113B-42B2-444D-AA37-6D660EC991D2}.Debug|Any CPU.Build.0 = Debug|Any CPU
		{D7E8113B-42B2-444D-AA37-6D660EC991D2}.Debug|ARM.ActiveCfg = Debug|Any CPU
		{D7E8113B-42B2-444D-AA37-6D660EC991D2}.Debug|ARM.Build.0 = Debug|Any CPU
		{D7E8113B-42B2-444D-AA37-6D660EC991D2}.Debug|iPhone.ActiveCfg = Debug|Any CPU
		{D7E8113B-42B2-444D-AA37-6D660EC991D2}.Debug|iPhone.Build.0 = Debug|Any CPU
		{D7E8113B-42B2-444D-AA37-6D660EC991D2}.Debug|iPhoneSimulator.ActiveCfg = Debug|Any CPU
		{D7E8113B-42B2-444D-AA37-6D660EC991D2}.Debug|iPhoneSimulator.Build.0 = Debug|Any CPU
		{D7E8113B-42B2-444D-AA37-6D660EC991D2}.Debug|x64.ActiveCfg = Debug|Any CPU
		{D7E8113B-42B2-444D-AA37-6D660EC991D2}.Debug|x64.Build.0 = Debug|Any CPU
		{D7E8113B-42B2-444D-AA37-6D660EC991D2}.Debug|x86.ActiveCfg = Debug|Any CPU
		{D7E8113B-42B2-444D-AA37-6D660EC991D2}.Debug|x86.Build.0 = Debug|Any CPU
		{D7E8113B-42B2-444D-AA37-6D660EC991D2}.Release|Any CPU.ActiveCfg = Release|Any CPU
		{D7E8113B-42B2-444D-AA37-6D660EC991D2}.Release|Any CPU.Build.0 = Release|Any CPU
		{D7E8113B-42B2-444D-AA37-6D660EC991D2}.Release|ARM.ActiveCfg = Release|Any CPU
		{D7E8113B-42B2-444D-AA37-6D660EC991D2}.Release|ARM.Build.0 = Release|Any CPU
		{D7E8113B-42B2-444D-AA37-6D660EC991D2}.Release|iPhone.ActiveCfg = Release|Any CPU
		{D7E8113B-42B2-444D-AA37-6D660EC991D2}.Release|iPhone.Build.0 = Release|Any CPU
		{D7E8113B-42B2-444D-AA37-6D660EC991D2}.Release|iPhoneSimulator.ActiveCfg = Release|Any CPU
		{D7E8113B-42B2-444D-AA37-6D660EC991D2}.Release|iPhoneSimulator.Build.0 = Release|Any CPU
		{D7E8113B-42B2-444D-AA37-6D660EC991D2}.Release|x64.ActiveCfg = Release|Any CPU
		{D7E8113B-42B2-444D-AA37-6D660EC991D2}.Release|x64.Build.0 = Release|Any CPU
		{D7E8113B-42B2-444D-AA37-6D660EC991D2}.Release|x86.ActiveCfg = Release|Any CPU
		{D7E8113B-42B2-444D-AA37-6D660EC991D2}.Release|x86.Build.0 = Release|Any CPU
		{DD1ABD4D-AD41-4338-8869-137993208E09}.Debug|Any CPU.ActiveCfg = Debug|Any CPU
		{DD1ABD4D-AD41-4338-8869-137993208E09}.Debug|Any CPU.Build.0 = Debug|Any CPU
		{DD1ABD4D-AD41-4338-8869-137993208E09}.Debug|ARM.ActiveCfg = Debug|Any CPU
		{DD1ABD4D-AD41-4338-8869-137993208E09}.Debug|ARM.Build.0 = Debug|Any CPU
		{DD1ABD4D-AD41-4338-8869-137993208E09}.Debug|iPhone.ActiveCfg = Debug|Any CPU
		{DD1ABD4D-AD41-4338-8869-137993208E09}.Debug|iPhone.Build.0 = Debug|Any CPU
		{DD1ABD4D-AD41-4338-8869-137993208E09}.Debug|iPhoneSimulator.ActiveCfg = Debug|Any CPU
		{DD1ABD4D-AD41-4338-8869-137993208E09}.Debug|iPhoneSimulator.Build.0 = Debug|Any CPU
		{DD1ABD4D-AD41-4338-8869-137993208E09}.Debug|x64.ActiveCfg = Debug|Any CPU
		{DD1ABD4D-AD41-4338-8869-137993208E09}.Debug|x64.Build.0 = Debug|Any CPU
		{DD1ABD4D-AD41-4338-8869-137993208E09}.Debug|x86.ActiveCfg = Debug|Any CPU
		{DD1ABD4D-AD41-4338-8869-137993208E09}.Debug|x86.Build.0 = Debug|Any CPU
		{DD1ABD4D-AD41-4338-8869-137993208E09}.Release|Any CPU.ActiveCfg = Release|Any CPU
		{DD1ABD4D-AD41-4338-8869-137993208E09}.Release|Any CPU.Build.0 = Release|Any CPU
		{DD1ABD4D-AD41-4338-8869-137993208E09}.Release|ARM.ActiveCfg = Release|Any CPU
		{DD1ABD4D-AD41-4338-8869-137993208E09}.Release|ARM.Build.0 = Release|Any CPU
		{DD1ABD4D-AD41-4338-8869-137993208E09}.Release|iPhone.ActiveCfg = Release|Any CPU
		{DD1ABD4D-AD41-4338-8869-137993208E09}.Release|iPhone.Build.0 = Release|Any CPU
		{DD1ABD4D-AD41-4338-8869-137993208E09}.Release|iPhoneSimulator.ActiveCfg = Release|Any CPU
		{DD1ABD4D-AD41-4338-8869-137993208E09}.Release|iPhoneSimulator.Build.0 = Release|Any CPU
		{DD1ABD4D-AD41-4338-8869-137993208E09}.Release|x64.ActiveCfg = Release|Any CPU
		{DD1ABD4D-AD41-4338-8869-137993208E09}.Release|x64.Build.0 = Release|Any CPU
		{DD1ABD4D-AD41-4338-8869-137993208E09}.Release|x86.ActiveCfg = Release|Any CPU
		{DD1ABD4D-AD41-4338-8869-137993208E09}.Release|x86.Build.0 = Release|Any CPU
		{2F767042-799E-4B5C-870B-5EABB2E2043F}.Debug|Any CPU.ActiveCfg = Debug|Any CPU
		{2F767042-799E-4B5C-870B-5EABB2E2043F}.Debug|Any CPU.Build.0 = Debug|Any CPU
		{2F767042-799E-4B5C-870B-5EABB2E2043F}.Debug|ARM.ActiveCfg = Debug|Any CPU
		{2F767042-799E-4B5C-870B-5EABB2E2043F}.Debug|ARM.Build.0 = Debug|Any CPU
		{2F767042-799E-4B5C-870B-5EABB2E2043F}.Debug|iPhone.ActiveCfg = Debug|Any CPU
		{2F767042-799E-4B5C-870B-5EABB2E2043F}.Debug|iPhone.Build.0 = Debug|Any CPU
		{2F767042-799E-4B5C-870B-5EABB2E2043F}.Debug|iPhoneSimulator.ActiveCfg = Debug|Any CPU
		{2F767042-799E-4B5C-870B-5EABB2E2043F}.Debug|iPhoneSimulator.Build.0 = Debug|Any CPU
		{2F767042-799E-4B5C-870B-5EABB2E2043F}.Debug|x64.ActiveCfg = Debug|Any CPU
		{2F767042-799E-4B5C-870B-5EABB2E2043F}.Debug|x64.Build.0 = Debug|Any CPU
		{2F767042-799E-4B5C-870B-5EABB2E2043F}.Debug|x86.ActiveCfg = Debug|Any CPU
		{2F767042-799E-4B5C-870B-5EABB2E2043F}.Debug|x86.Build.0 = Debug|Any CPU
		{2F767042-799E-4B5C-870B-5EABB2E2043F}.Release|Any CPU.ActiveCfg = Release|Any CPU
		{2F767042-799E-4B5C-870B-5EABB2E2043F}.Release|Any CPU.Build.0 = Release|Any CPU
		{2F767042-799E-4B5C-870B-5EABB2E2043F}.Release|ARM.ActiveCfg = Release|Any CPU
		{2F767042-799E-4B5C-870B-5EABB2E2043F}.Release|ARM.Build.0 = Release|Any CPU
		{2F767042-799E-4B5C-870B-5EABB2E2043F}.Release|iPhone.ActiveCfg = Release|Any CPU
		{2F767042-799E-4B5C-870B-5EABB2E2043F}.Release|iPhone.Build.0 = Release|Any CPU
		{2F767042-799E-4B5C-870B-5EABB2E2043F}.Release|iPhoneSimulator.ActiveCfg = Release|Any CPU
		{2F767042-799E-4B5C-870B-5EABB2E2043F}.Release|iPhoneSimulator.Build.0 = Release|Any CPU
		{2F767042-799E-4B5C-870B-5EABB2E2043F}.Release|x64.ActiveCfg = Release|Any CPU
		{2F767042-799E-4B5C-870B-5EABB2E2043F}.Release|x64.Build.0 = Release|Any CPU
		{2F767042-799E-4B5C-870B-5EABB2E2043F}.Release|x86.ActiveCfg = Release|Any CPU
		{2F767042-799E-4B5C-870B-5EABB2E2043F}.Release|x86.Build.0 = Release|Any CPU
		{1B827B8F-4FB5-4611-B592-BE1661E43018}.Debug|Any CPU.ActiveCfg = Debug|Any CPU
		{1B827B8F-4FB5-4611-B592-BE1661E43018}.Debug|Any CPU.Build.0 = Debug|Any CPU
		{1B827B8F-4FB5-4611-B592-BE1661E43018}.Debug|ARM.ActiveCfg = Debug|Any CPU
		{1B827B8F-4FB5-4611-B592-BE1661E43018}.Debug|ARM.Build.0 = Debug|Any CPU
		{1B827B8F-4FB5-4611-B592-BE1661E43018}.Debug|iPhone.ActiveCfg = Debug|Any CPU
		{1B827B8F-4FB5-4611-B592-BE1661E43018}.Debug|iPhone.Build.0 = Debug|Any CPU
		{1B827B8F-4FB5-4611-B592-BE1661E43018}.Debug|iPhoneSimulator.ActiveCfg = Debug|Any CPU
		{1B827B8F-4FB5-4611-B592-BE1661E43018}.Debug|iPhoneSimulator.Build.0 = Debug|Any CPU
		{1B827B8F-4FB5-4611-B592-BE1661E43018}.Debug|x64.ActiveCfg = Debug|Any CPU
		{1B827B8F-4FB5-4611-B592-BE1661E43018}.Debug|x64.Build.0 = Debug|Any CPU
		{1B827B8F-4FB5-4611-B592-BE1661E43018}.Debug|x86.ActiveCfg = Debug|Any CPU
		{1B827B8F-4FB5-4611-B592-BE1661E43018}.Debug|x86.Build.0 = Debug|Any CPU
		{1B827B8F-4FB5-4611-B592-BE1661E43018}.Release|Any CPU.ActiveCfg = Release|Any CPU
		{1B827B8F-4FB5-4611-B592-BE1661E43018}.Release|Any CPU.Build.0 = Release|Any CPU
		{1B827B8F-4FB5-4611-B592-BE1661E43018}.Release|ARM.ActiveCfg = Release|Any CPU
		{1B827B8F-4FB5-4611-B592-BE1661E43018}.Release|ARM.Build.0 = Release|Any CPU
		{1B827B8F-4FB5-4611-B592-BE1661E43018}.Release|iPhone.ActiveCfg = Release|Any CPU
		{1B827B8F-4FB5-4611-B592-BE1661E43018}.Release|iPhone.Build.0 = Release|Any CPU
		{1B827B8F-4FB5-4611-B592-BE1661E43018}.Release|iPhoneSimulator.ActiveCfg = Release|Any CPU
		{1B827B8F-4FB5-4611-B592-BE1661E43018}.Release|iPhoneSimulator.Build.0 = Release|Any CPU
		{1B827B8F-4FB5-4611-B592-BE1661E43018}.Release|x64.ActiveCfg = Release|Any CPU
		{1B827B8F-4FB5-4611-B592-BE1661E43018}.Release|x64.Build.0 = Release|Any CPU
		{1B827B8F-4FB5-4611-B592-BE1661E43018}.Release|x86.ActiveCfg = Release|Any CPU
		{1B827B8F-4FB5-4611-B592-BE1661E43018}.Release|x86.Build.0 = Release|Any CPU
		{A97BD325-A429-49F3-9E51-497CC73522F3}.Debug|Any CPU.ActiveCfg = Debug|Any CPU
		{A97BD325-A429-49F3-9E51-497CC73522F3}.Debug|Any CPU.Build.0 = Debug|Any CPU
		{A97BD325-A429-49F3-9E51-497CC73522F3}.Debug|ARM.ActiveCfg = Debug|Any CPU
		{A97BD325-A429-49F3-9E51-497CC73522F3}.Debug|ARM.Build.0 = Debug|Any CPU
		{A97BD325-A429-49F3-9E51-497CC73522F3}.Debug|iPhone.ActiveCfg = Debug|Any CPU
		{A97BD325-A429-49F3-9E51-497CC73522F3}.Debug|iPhone.Build.0 = Debug|Any CPU
		{A97BD325-A429-49F3-9E51-497CC73522F3}.Debug|iPhoneSimulator.ActiveCfg = Debug|Any CPU
		{A97BD325-A429-49F3-9E51-497CC73522F3}.Debug|iPhoneSimulator.Build.0 = Debug|Any CPU
		{A97BD325-A429-49F3-9E51-497CC73522F3}.Debug|x64.ActiveCfg = Debug|Any CPU
		{A97BD325-A429-49F3-9E51-497CC73522F3}.Debug|x64.Build.0 = Debug|Any CPU
		{A97BD325-A429-49F3-9E51-497CC73522F3}.Debug|x86.ActiveCfg = Debug|Any CPU
		{A97BD325-A429-49F3-9E51-497CC73522F3}.Debug|x86.Build.0 = Debug|Any CPU
		{A97BD325-A429-49F3-9E51-497CC73522F3}.Release|Any CPU.ActiveCfg = Release|Any CPU
		{A97BD325-A429-49F3-9E51-497CC73522F3}.Release|Any CPU.Build.0 = Release|Any CPU
		{A97BD325-A429-49F3-9E51-497CC73522F3}.Release|ARM.ActiveCfg = Release|Any CPU
		{A97BD325-A429-49F3-9E51-497CC73522F3}.Release|ARM.Build.0 = Release|Any CPU
		{A97BD325-A429-49F3-9E51-497CC73522F3}.Release|iPhone.ActiveCfg = Release|Any CPU
		{A97BD325-A429-49F3-9E51-497CC73522F3}.Release|iPhone.Build.0 = Release|Any CPU
		{A97BD325-A429-49F3-9E51-497CC73522F3}.Release|iPhoneSimulator.ActiveCfg = Release|Any CPU
		{A97BD325-A429-49F3-9E51-497CC73522F3}.Release|iPhoneSimulator.Build.0 = Release|Any CPU
		{A97BD325-A429-49F3-9E51-497CC73522F3}.Release|x64.ActiveCfg = Release|Any CPU
		{A97BD325-A429-49F3-9E51-497CC73522F3}.Release|x64.Build.0 = Release|Any CPU
		{A97BD325-A429-49F3-9E51-497CC73522F3}.Release|x86.ActiveCfg = Release|Any CPU
		{A97BD325-A429-49F3-9E51-497CC73522F3}.Release|x86.Build.0 = Release|Any CPU
		{A4A252D4-1EDB-4A43-8F5E-54E0A10AF43E}.Debug|Any CPU.ActiveCfg = Debug|Any CPU
		{A4A252D4-1EDB-4A43-8F5E-54E0A10AF43E}.Debug|Any CPU.Build.0 = Debug|Any CPU
		{A4A252D4-1EDB-4A43-8F5E-54E0A10AF43E}.Debug|ARM.ActiveCfg = Debug|Any CPU
		{A4A252D4-1EDB-4A43-8F5E-54E0A10AF43E}.Debug|ARM.Build.0 = Debug|Any CPU
		{A4A252D4-1EDB-4A43-8F5E-54E0A10AF43E}.Debug|iPhone.ActiveCfg = Debug|Any CPU
		{A4A252D4-1EDB-4A43-8F5E-54E0A10AF43E}.Debug|iPhone.Build.0 = Debug|Any CPU
		{A4A252D4-1EDB-4A43-8F5E-54E0A10AF43E}.Debug|iPhoneSimulator.ActiveCfg = Debug|Any CPU
		{A4A252D4-1EDB-4A43-8F5E-54E0A10AF43E}.Debug|iPhoneSimulator.Build.0 = Debug|Any CPU
		{A4A252D4-1EDB-4A43-8F5E-54E0A10AF43E}.Debug|x64.ActiveCfg = Debug|Any CPU
		{A4A252D4-1EDB-4A43-8F5E-54E0A10AF43E}.Debug|x64.Build.0 = Debug|Any CPU
		{A4A252D4-1EDB-4A43-8F5E-54E0A10AF43E}.Debug|x86.ActiveCfg = Debug|Any CPU
		{A4A252D4-1EDB-4A43-8F5E-54E0A10AF43E}.Debug|x86.Build.0 = Debug|Any CPU
		{A4A252D4-1EDB-4A43-8F5E-54E0A10AF43E}.Release|Any CPU.ActiveCfg = Release|Any CPU
		{A4A252D4-1EDB-4A43-8F5E-54E0A10AF43E}.Release|Any CPU.Build.0 = Release|Any CPU
		{A4A252D4-1EDB-4A43-8F5E-54E0A10AF43E}.Release|ARM.ActiveCfg = Release|Any CPU
		{A4A252D4-1EDB-4A43-8F5E-54E0A10AF43E}.Release|ARM.Build.0 = Release|Any CPU
		{A4A252D4-1EDB-4A43-8F5E-54E0A10AF43E}.Release|iPhone.ActiveCfg = Release|Any CPU
		{A4A252D4-1EDB-4A43-8F5E-54E0A10AF43E}.Release|iPhone.Build.0 = Release|Any CPU
		{A4A252D4-1EDB-4A43-8F5E-54E0A10AF43E}.Release|iPhoneSimulator.ActiveCfg = Release|Any CPU
		{A4A252D4-1EDB-4A43-8F5E-54E0A10AF43E}.Release|iPhoneSimulator.Build.0 = Release|Any CPU
		{A4A252D4-1EDB-4A43-8F5E-54E0A10AF43E}.Release|x64.ActiveCfg = Release|Any CPU
		{A4A252D4-1EDB-4A43-8F5E-54E0A10AF43E}.Release|x64.Build.0 = Release|Any CPU
		{A4A252D4-1EDB-4A43-8F5E-54E0A10AF43E}.Release|x86.ActiveCfg = Release|Any CPU
		{A4A252D4-1EDB-4A43-8F5E-54E0A10AF43E}.Release|x86.Build.0 = Release|Any CPU
	EndGlobalSection
	GlobalSection(SolutionProperties) = preSolution
		HideSolutionNode = FALSE
	EndGlobalSection
	GlobalSection(NestedProjects) = preSolution
		{05E8F2B6-6F76-4881-8016-533B14D6E5F9} = {C6FCFFF7-460A-47F9-9AFA-1C0584266792}
		{44B5325E-3C37-4943-9F32-E1FE9CE5C76B} = {9268B7AF-FD32-4ED4-BBDB-21935688EE68}
		{CEF60000-7E69-404D-A488-7A5A993F6E56} = {9268B7AF-FD32-4ED4-BBDB-21935688EE68}
		{1F2259A2-C51B-4123-8A90-5C078DED3806} = {9268B7AF-FD32-4ED4-BBDB-21935688EE68}
		{D3B80F3E-1FCC-4F80-9B31-63371AED2D4F} = {4A973BC3-688F-4CEC-9F01-0A0D3A177798}
		{C329B718-827E-43EB-9A9C-557779A51220} = {9268B7AF-FD32-4ED4-BBDB-21935688EE68}
		{D7E8113B-42B2-444D-AA37-6D660EC991D2} = {BC417DD0-72A0-4439-BB39-0A484C44C2CD}
		{DD1ABD4D-AD41-4338-8869-137993208E09} = {BC417DD0-72A0-4439-BB39-0A484C44C2CD}
		{2F767042-799E-4B5C-870B-5EABB2E2043F} = {A98D907E-211B-432E-AA75-15C2EE42F4FF}
		{1B827B8F-4FB5-4611-B592-BE1661E43018} = {BC417DD0-72A0-4439-BB39-0A484C44C2CD}
		{A97BD325-A429-49F3-9E51-497CC73522F3} = {BC417DD0-72A0-4439-BB39-0A484C44C2CD}
		{A4A252D4-1EDB-4A43-8F5E-54E0A10AF43E} = {BC417DD0-72A0-4439-BB39-0A484C44C2CD}
	EndGlobalSection
	GlobalSection(ExtensibilityGlobals) = postSolution
		SolutionGuid = {5299BE3E-68BE-4825-B8D3-5E20E90890D4}
	EndGlobalSection
	GlobalSection(SharedMSBuildProjectFiles) = preSolution
		NeilvynSampleBlueprint.Mobile.Shared\NeilvynSampleBlueprint.Mobile.Shared.projitems*{44b5325e-3c37-4943-9f32-e1fe9ce5c76b}*SharedItemsImports = 4
		NeilvynSampleBlueprint.Mobile.Shared\NeilvynSampleBlueprint.Mobile.Shared.projitems*{c329b718-827e-43eb-9a9c-557779a51220}*SharedItemsImports = 13
		NeilvynSampleBlueprint.Mobile.Shared\NeilvynSampleBlueprint.Mobile.Shared.projitems*{cef60000-7e69-404d-a488-7a5a993f6e56}*SharedItemsImports = 4
	EndGlobalSection
EndGlobal
